
Microsoft Visual Studio Solution File, Format Version 12.00
# Visual Studio Version 16
VisualStudioVersion = 16.0.33027.164
MinimumVisualStudioVersion = 10.0.40219.1
Project("{FAE04EC0-301F-11D3-BF4B-00C04F79EFBC}") = "ServerTcp", "Laba2\ServerTcp.csproj", "{3FEFF9FC-3ECC-401D-B682-ADC30BEC6502}"
EndProject
Project("{FAE04EC0-301F-11D3-BF4B-00C04F79EFBC}") = "ClientTcp", "ClientTcp\ClientTcp.csproj", "{6E88E345-3470-4435-8FEF-1FF3B28FAD47}"
EndProject
Global
	GlobalSection(SolutionConfigurationPlatforms) = preSolution
		Debug|Any CPU = Debug|Any CPU
		Release|Any CPU = Release|Any CPU
	EndGlobalSection
	GlobalSection(ProjectConfigurationPlatforms) = postSolution
		{3FEFF9FC-3ECC-401D-B682-ADC30BEC6502}.Debug|Any CPU.ActiveCfg = Debug|Any CPU
		{3FEFF9FC-3ECC-401D-B682-ADC30BEC6502}.Debug|Any CPU.Build.0 = Debug|Any CPU
		{3FEFF9FC-3ECC-401D-B682-ADC30BEC6502}.Release|Any CPU.ActiveCfg = Release|Any CPU
		{3FEFF9FC-3ECC-401D-B682-ADC30BEC6502}.Release|Any CPU.Build.0 = Release|Any CPU
		{6E88E345-3470-4435-8FEF-1FF3B28FAD47}.Debug|Any CPU.ActiveCfg = Debug|Any CPU
		{6E88E345-3470-4435-8FEF-1FF3B28FAD47}.Debug|Any CPU.Build.0 = Debug|Any CPU
		{6E88E345-3470-4435-8FEF-1FF3B28FAD47}.Release|Any CPU.ActiveCfg = Release|Any CPU
		{6E88E345-3470-4435-8FEF-1FF3B28FAD47}.Release|Any CPU.Build.0 = Release|Any CPU
	EndGlobalSection
	GlobalSection(SolutionProperties) = preSolution
		HideSolutionNode = FALSE
	EndGlobalSection
	GlobalSection(ExtensibilityGlobals) = postSolution
		SolutionGuid = {A8F41B77-72D7-46FB-9C05-27CF1B5DC443}
	EndGlobalSection
EndGlobal
